
Microsoft Visual Studio Solution File, Format Version 12.00
# Visual Studio 15
VisualStudioVersion = 15.0.26124.0
MinimumVisualStudioVersion = 15.0.26124.0
Project("{FAE04EC0-301F-11D3-BF4B-00C04F79EFBC}") = "BlazorServer", "BlazorServer\BlazorServer.csproj", "{2A0E23DF-C557-4AF5-A795-F89F143F7095}"
EndProject
Project("{FAE04EC0-301F-11D3-BF4B-00C04F79EFBC}") = "BlazorWebAssembly", "BlazorWebAssembly\BlazorWebAssembly.csproj", "{99B0B328-7DA0-45A8-9E44-7A44AEA11C79}"
EndProject
Global
	GlobalSection(SolutionConfigurationPlatforms) = preSolution
		Debug|Any CPU = Debug|Any CPU
		Debug|x64 = Debug|x64
		Debug|x86 = Debug|x86
		Release|Any CPU = Release|Any CPU
		Release|x64 = Release|x64
		Release|x86 = Release|x86
	EndGlobalSection
	GlobalSection(SolutionProperties) = preSolution
		HideSolutionNode = FALSE
	EndGlobalSection
	GlobalSection(ProjectConfigurationPlatforms) = postSolution
		{2A0E23DF-C557-4AF5-A795-F89F143F7095}.Debug|Any CPU.ActiveCfg = Debug|Any CPU
		{2A0E23DF-C557-4AF5-A795-F89F143F7095}.Debug|Any CPU.Build.0 = Debug|Any CPU
		{2A0E23DF-C557-4AF5-A795-F89F143F7095}.Debug|x64.ActiveCfg = Debug|Any CPU
		{2A0E23DF-C557-4AF5-A795-F89F143F7095}.Debug|x64.Build.0 = Debug|Any CPU
		{2A0E23DF-C557-4AF5-A795-F89F143F7095}.Debug|x86.ActiveCfg = Debug|Any CPU
		{2A0E23DF-C557-4AF5-A795-F89F143F7095}.Debug|x86.Build.0 = Debug|Any CPU
		{2A0E23DF-C557-4AF5-A795-F89F143F7095}.Release|Any CPU.ActiveCfg = Release|Any CPU
		{2A0E23DF-C557-4AF5-A795-F89F143F7095}.Release|Any CPU.Build.0 = Release|Any CPU
		{2A0E23DF-C557-4AF5-A795-F89F143F7095}.Release|x64.ActiveCfg = Release|Any CPU
		{2A0E23DF-C557-4AF5-A795-F89F143F7095}.Release|x64.Build.0 = Release|Any CPU
		{2A0E23DF-C557-4AF5-A795-F89F143F7095}.Release|x86.ActiveCfg = Release|Any CPU
		{2A0E23DF-C557-4AF5-A795-F89F143F7095}.Release|x86.Build.0 = Release|Any CPU
		{99B0B328-7DA0-45A8-9E44-7A44AEA11C79}.Debug|Any CPU.ActiveCfg = Debug|Any CPU
		{99B0B328-7DA0-45A8-9E44-7A44AEA11C79}.Debug|Any CPU.Build.0 = Debug|Any CPU
		{99B0B328-7DA0-45A8-9E44-7A44AEA11C79}.Debug|x64.ActiveCfg = Debug|Any CPU
		{99B0B328-7DA0-45A8-9E44-7A44AEA11C79}.Debug|x64.Build.0 = Debug|Any CPU
		{99B0B328-7DA0-45A8-9E44-7A44AEA11C79}.Debug|x86.ActiveCfg = Debug|Any CPU
		{99B0B328-7DA0-45A8-9E44-7A44AEA11C79}.Debug|x86.Build.0 = Debug|Any CPU
		{99B0B328-7DA0-45A8-9E44-7A44AEA11C79}.Release|Any CPU.ActiveCfg = Release|Any CPU
		{99B0B328-7DA0-45A8-9E44-7A44AEA11C79}.Release|Any CPU.Build.0 = Release|Any CPU
		{99B0B328-7DA0-45A8-9E44-7A44AEA11C79}.Release|x64.ActiveCfg = Release|Any CPU
		{99B0B328-7DA0-45A8-9E44-7A44AEA11C79}.Release|x64.Build.0 = Release|Any CPU
		{99B0B328-7DA0-45A8-9E44-7A44AEA11C79}.Release|x86.ActiveCfg = Release|Any CPU
		{99B0B328-7DA0-45A8-9E44-7A44AEA11C79}.Release|x86.Build.0 = Release|Any CPU
	EndGlobalSection
EndGlobal
